// !$*UTF8*$!
{
	archiveVersion = 1;
	classes = {
	};
	objectVersion = 50;
	objects = {

/* Begin PBXBuildFile section */
		675CF72E25F5302100B16985 /* BTC_widgetApp.swift in Sources */ = {isa = PBXBuildFile; fileRef = 675CF72D25F5302100B16985 /* BTC_widgetApp.swift */; };
		675CF73025F5302100B16985 /* ContentView.swift in Sources */ = {isa = PBXBuildFile; fileRef = 675CF72F25F5302100B16985 /* ContentView.swift */; };
		675CF73225F5302400B16985 /* Assets.xcassets in Resources */ = {isa = PBXBuildFile; fileRef = 675CF73125F5302400B16985 /* Assets.xcassets */; };
		675CF73525F5302400B16985 /* Preview Assets.xcassets in Resources */ = {isa = PBXBuildFile; fileRef = 675CF73425F5302400B16985 /* Preview Assets.xcassets */; };
		675CF74025F5302400B16985 /* BTC_widgetTests.swift in Sources */ = {isa = PBXBuildFile; fileRef = 675CF73F25F5302400B16985 /* BTC_widgetTests.swift */; };
		675CF74B25F5302400B16985 /* BTC_widgetUITests.swift in Sources */ = {isa = PBXBuildFile; fileRef = 675CF74A25F5302400B16985 /* BTC_widgetUITests.swift */; };
		675CF76225F530A300B16985 /* WidgetKit.framework in Frameworks */ = {isa = PBXBuildFile; fileRef = 675CF76125F530A300B16985 /* WidgetKit.framework */; };
		675CF76425F530A300B16985 /* SwiftUI.framework in Frameworks */ = {isa = PBXBuildFile; fileRef = 675CF76325F530A300B16985 /* SwiftUI.framework */; };
		675CF76725F530A300B16985 /* BTC_app_widget.swift in Sources */ = {isa = PBXBuildFile; fileRef = 675CF76625F530A300B16985 /* BTC_app_widget.swift */; };
		675CF76925F530A500B16985 /* Assets.xcassets in Resources */ = {isa = PBXBuildFile; fileRef = 675CF76825F530A500B16985 /* Assets.xcassets */; };
		675CF76D25F530A500B16985 /* BTC app widgetExtension.appex in Embed App Extensions */ = {isa = PBXBuildFile; fileRef = 675CF75F25F530A300B16985 /* BTC app widgetExtension.appex */; settings = {ATTRIBUTES = (RemoveHeadersOnCopy, ); }; };
/* End PBXBuildFile section */

/* Begin PBXContainerItemProxy section */
		675CF73C25F5302400B16985 /* PBXContainerItemProxy */ = {
			isa = PBXContainerItemProxy;
			containerPortal = 675CF72225F5302100B16985 /* Project object */;
			proxyType = 1;
			remoteGlobalIDString = 675CF72925F5302100B16985;
			remoteInfo = "BTC widget";
		};
		675CF74725F5302400B16985 /* PBXContainerItemProxy */ = {
			isa = PBXContainerItemProxy;
			containerPortal = 675CF72225F5302100B16985 /* Project object */;
			proxyType = 1;
			remoteGlobalIDString = 675CF72925F5302100B16985;
			remoteInfo = "BTC widget";
		};
		675CF76B25F530A500B16985 /* PBXContainerItemProxy */ = {
			isa = PBXContainerItemProxy;
			containerPortal = 675CF72225F5302100B16985 /* Project object */;
			proxyType = 1;
			remoteGlobalIDString = 675CF75E25F530A300B16985;
			remoteInfo = "BTC app widgetExtension";
		};
/* End PBXContainerItemProxy section */

/* Begin PBXCopyFilesBuildPhase section */
		675CF77125F530A500B16985 /* Embed App Extensions */ = {
			isa = PBXCopyFilesBuildPhase;
			buildActionMask = 2147483647;
			dstPath = "";
			dstSubfolderSpec = 13;
			files = (
				675CF76D25F530A500B16985 /* BTC app widgetExtension.appex in Embed App Extensions */,
			);
			name = "Embed App Extensions";
			runOnlyForDeploymentPostprocessing = 0;
		};
/* End PBXCopyFilesBuildPhase section */

/* Begin PBXFileReference section */
		675CF72A25F5302100B16985 /* BTC widget.app */ = {isa = PBXFileReference; explicitFileType = wrapper.application; includeInIndex = 0; path = "BTC widget.app"; sourceTree = BUILT_PRODUCTS_DIR; };
		675CF72D25F5302100B16985 /* BTC_widgetApp.swift */ = {isa = PBXFileReference; lastKnownFileType = sourcecode.swift; path = BTC_widgetApp.swift; sourceTree = "<group>"; };
		675CF72F25F5302100B16985 /* ContentView.swift */ = {isa = PBXFileReference; lastKnownFileType = sourcecode.swift; path = ContentView.swift; sourceTree = "<group>"; };
		675CF73125F5302400B16985 /* Assets.xcassets */ = {isa = PBXFileReference; lastKnownFileType = folder.assetcatalog; path = Assets.xcassets; sourceTree = "<group>"; };
		675CF73425F5302400B16985 /* Preview Assets.xcassets */ = {isa = PBXFileReference; lastKnownFileType = folder.assetcatalog; path = "Preview Assets.xcassets"; sourceTree = "<group>"; };
		675CF73625F5302400B16985 /* Info.plist */ = {isa = PBXFileReference; lastKnownFileType = text.plist.xml; path = Info.plist; sourceTree = "<group>"; };
		675CF73B25F5302400B16985 /* BTC widgetTests.xctest */ = {isa = PBXFileReference; explicitFileType = wrapper.cfbundle; includeInIndex = 0; path = "BTC widgetTests.xctest"; sourceTree = BUILT_PRODUCTS_DIR; };
		675CF73F25F5302400B16985 /* BTC_widgetTests.swift */ = {isa = PBXFileReference; lastKnownFileType = sourcecode.swift; path = BTC_widgetTests.swift; sourceTree = "<group>"; };
		675CF74125F5302400B16985 /* Info.plist */ = {isa = PBXFileReference; lastKnownFileType = text.plist.xml; path = Info.plist; sourceTree = "<group>"; };
		675CF74625F5302400B16985 /* BTC widgetUITests.xctest */ = {isa = PBXFileReference; explicitFileType = wrapper.cfbundle; includeInIndex = 0; path = "BTC widgetUITests.xctest"; sourceTree = BUILT_PRODUCTS_DIR; };
		675CF74A25F5302400B16985 /* BTC_widgetUITests.swift */ = {isa = PBXFileReference; lastKnownFileType = sourcecode.swift; path = BTC_widgetUITests.swift; sourceTree = "<group>"; };
		675CF74C25F5302400B16985 /* Info.plist */ = {isa = PBXFileReference; lastKnownFileType = text.plist.xml; path = Info.plist; sourceTree = "<group>"; };
		675CF75F25F530A300B16985 /* BTC app widgetExtension.appex */ = {isa = PBXFileReference; explicitFileType = "wrapper.app-extension"; includeInIndex = 0; path = "BTC app widgetExtension.appex"; sourceTree = BUILT_PRODUCTS_DIR; };
		675CF76125F530A300B16985 /* WidgetKit.framework */ = {isa = PBXFileReference; lastKnownFileType = wrapper.framework; name = WidgetKit.framework; path = System/Library/Frameworks/WidgetKit.framework; sourceTree = SDKROOT; };
		675CF76325F530A300B16985 /* SwiftUI.framework */ = {isa = PBXFileReference; lastKnownFileType = wrapper.framework; name = SwiftUI.framework; path = System/Library/Frameworks/SwiftUI.framework; sourceTree = SDKROOT; };
		675CF76625F530A300B16985 /* BTC_app_widget.swift */ = {isa = PBXFileReference; lastKnownFileType = sourcecode.swift; path = BTC_app_widget.swift; sourceTree = "<group>"; };
		675CF76825F530A500B16985 /* Assets.xcassets */ = {isa = PBXFileReference; lastKnownFileType = folder.assetcatalog; path = Assets.xcassets; sourceTree = "<group>"; };
		675CF76A25F530A500B16985 /* Info.plist */ = {isa = PBXFileReference; lastKnownFileType = text.plist.xml; path = Info.plist; sourceTree = "<group>"; };
/* End PBXFileReference section */

/* Begin PBXFrameworksBuildPhase section */
		675CF72725F5302100B16985 /* Frameworks */ = {
			isa = PBXFrameworksBuildPhase;
			buildActionMask = 2147483647;
			files = (
			);
			runOnlyForDeploymentPostprocessing = 0;
		};
		675CF73825F5302400B16985 /* Frameworks */ = {
			isa = PBXFrameworksBuildPhase;
			buildActionMask = 2147483647;
			files = (
			);
			runOnlyForDeploymentPostprocessing = 0;
		};
		675CF74325F5302400B16985 /* Frameworks */ = {
			isa = PBXFrameworksBuildPhase;
			buildActionMask = 2147483647;
			files = (
			);
			runOnlyForDeploymentPostprocessing = 0;
		};
		675CF75C25F530A300B16985 /* Frameworks */ = {
			isa = PBXFrameworksBuildPhase;
			buildActionMask = 2147483647;
			files = (
				675CF76425F530A300B16985 /* SwiftUI.framework in Frameworks */,
				675CF76225F530A300B16985 /* WidgetKit.framework in Frameworks */,
			);
			runOnlyForDeploymentPostprocessing = 0;
		};
/* End PBXFrameworksBuildPhase section */

/* Begin PBXGroup section */
		675CF72125F5302100B16985 = {
			isa = PBXGroup;
			children = (
				675CF72C25F5302100B16985 /* BTC widget */,
				675CF76525F530A300B16985 /* BTC app widget */,
				675CF73E25F5302400B16985 /* BTC widgetTests */,
				675CF74925F5302400B16985 /* BTC widgetUITests */,
				675CF76025F530A300B16985 /* Frameworks */,
				675CF72B25F5302100B16985 /* Products */,
			);
			sourceTree = "<group>";
		};
		675CF72B25F5302100B16985 /* Products */ = {
			isa = PBXGroup;
			children = (
				675CF72A25F5302100B16985 /* BTC widget.app */,
				675CF73B25F5302400B16985 /* BTC widgetTests.xctest */,
				675CF74625F5302400B16985 /* BTC widgetUITests.xctest */,
				675CF75F25F530A300B16985 /* BTC app widgetExtension.appex */,
			);
			name = Products;
			sourceTree = "<group>";
		};
		675CF72C25F5302100B16985 /* BTC widget */ = {
			isa = PBXGroup;
			children = (
				675CF72D25F5302100B16985 /* BTC_widgetApp.swift */,
				675CF72F25F5302100B16985 /* ContentView.swift */,
				675CF73125F5302400B16985 /* Assets.xcassets */,
				675CF73625F5302400B16985 /* Info.plist */,
				675CF73325F5302400B16985 /* Preview Content */,
			);
			path = "BTC widget";
			sourceTree = "<group>";
		};
		675CF73325F5302400B16985 /* Preview Content */ = {
			isa = PBXGroup;
			children = (
				675CF73425F5302400B16985 /* Preview Assets.xcassets */,
			);
			path = "Preview Content";
			sourceTree = "<group>";
		};
		675CF73E25F5302400B16985 /* BTC widgetTests */ = {
			isa = PBXGroup;
			children = (
				675CF73F25F5302400B16985 /* BTC_widgetTests.swift */,
				675CF74125F5302400B16985 /* Info.plist */,
			);
			path = "BTC widgetTests";
			sourceTree = "<group>";
		};
		675CF74925F5302400B16985 /* BTC widgetUITests */ = {
			isa = PBXGroup;
			children = (
				675CF74A25F5302400B16985 /* BTC_widgetUITests.swift */,
				675CF74C25F5302400B16985 /* Info.plist */,
			);
			path = "BTC widgetUITests";
			sourceTree = "<group>";
		};
		675CF76025F530A300B16985 /* Frameworks */ = {
			isa = PBXGroup;
			children = (
				675CF76125F530A300B16985 /* WidgetKit.framework */,
				675CF76325F530A300B16985 /* SwiftUI.framework */,
			);
			name = Frameworks;
			sourceTree = "<group>";
		};
		675CF76525F530A300B16985 /* BTC app widget */ = {
			isa = PBXGroup;
			children = (
				675CF76625F530A300B16985 /* BTC_app_widget.swift */,
				675CF76825F530A500B16985 /* Assets.xcassets */,
				675CF76A25F530A500B16985 /* Info.plist */,
			);
			path = "BTC app widget";
			sourceTree = "<group>";
		};
/* End PBXGroup section */

/* Begin PBXNativeTarget section */
		675CF72925F5302100B16985 /* BTC widget */ = {
			isa = PBXNativeTarget;
			buildConfigurationList = 675CF74F25F5302400B16985 /* Build configuration list for PBXNativeTarget "BTC widget" */;
			buildPhases = (
				675CF72625F5302100B16985 /* Sources */,
				675CF72725F5302100B16985 /* Frameworks */,
				675CF72825F5302100B16985 /* Resources */,
				675CF77125F530A500B16985 /* Embed App Extensions */,
			);
			buildRules = (
			);
			dependencies = (
				675CF76C25F530A500B16985 /* PBXTargetDependency */,
			);
			name = "BTC widget";
			productName = "BTC widget";
			productReference = 675CF72A25F5302100B16985 /* BTC widget.app */;
			productType = "com.apple.product-type.application";
		};
		675CF73A25F5302400B16985 /* BTC widgetTests */ = {
			isa = PBXNativeTarget;
			buildConfigurationList = 675CF75225F5302400B16985 /* Build configuration list for PBXNativeTarget "BTC widgetTests" */;
			buildPhases = (
				675CF73725F5302400B16985 /* Sources */,
				675CF73825F5302400B16985 /* Frameworks */,
				675CF73925F5302400B16985 /* Resources */,
			);
			buildRules = (
			);
			dependencies = (
				675CF73D25F5302400B16985 /* PBXTargetDependency */,
			);
			name = "BTC widgetTests";
			productName = "BTC widgetTests";
			productReference = 675CF73B25F5302400B16985 /* BTC widgetTests.xctest */;
			productType = "com.apple.product-type.bundle.unit-test";
		};
		675CF74525F5302400B16985 /* BTC widgetUITests */ = {
			isa = PBXNativeTarget;
			buildConfigurationList = 675CF75525F5302400B16985 /* Build configuration list for PBXNativeTarget "BTC widgetUITests" */;
			buildPhases = (
				675CF74225F5302400B16985 /* Sources */,
				675CF74325F5302400B16985 /* Frameworks */,
				675CF74425F5302400B16985 /* Resources */,
			);
			buildRules = (
			);
			dependencies = (
				675CF74825F5302400B16985 /* PBXTargetDependency */,
			);
			name = "BTC widgetUITests";
			productName = "BTC widgetUITests";
			productReference = 675CF74625F5302400B16985 /* BTC widgetUITests.xctest */;
			productType = "com.apple.product-type.bundle.ui-testing";
		};
		675CF75E25F530A300B16985 /* BTC app widgetExtension */ = {
			isa = PBXNativeTarget;
			buildConfigurationList = 675CF76E25F530A500B16985 /* Build configuration list for PBXNativeTarget "BTC app widgetExtension" */;
			buildPhases = (
				675CF75B25F530A300B16985 /* Sources */,
				675CF75C25F530A300B16985 /* Frameworks */,
				675CF75D25F530A300B16985 /* Resources */,
			);
			buildRules = (
			);
			dependencies = (
			);
			name = "BTC app widgetExtension";
			productName = "BTC app widgetExtension";
			productReference = 675CF75F25F530A300B16985 /* BTC app widgetExtension.appex */;
			productType = "com.apple.product-type.app-extension";
		};
/* End PBXNativeTarget section */

/* Begin PBXProject section */
		675CF72225F5302100B16985 /* Project object */ = {
			isa = PBXProject;
			attributes = {
				LastSwiftUpdateCheck = 1240;
				LastUpgradeCheck = 1240;
				TargetAttributes = {
					675CF72925F5302100B16985 = {
						CreatedOnToolsVersion = 12.4;
					};
					675CF73A25F5302400B16985 = {
						CreatedOnToolsVersion = 12.4;
						TestTargetID = 675CF72925F5302100B16985;
					};
					675CF74525F5302400B16985 = {
						CreatedOnToolsVersion = 12.4;
						TestTargetID = 675CF72925F5302100B16985;
					};
					675CF75E25F530A300B16985 = {
						CreatedOnToolsVersion = 12.4;
					};
				};
			};
			buildConfigurationList = 675CF72525F5302100B16985 /* Build configuration list for PBXProject "BTC widget" */;
			compatibilityVersion = "Xcode 9.3";
			developmentRegion = en;
			hasScannedForEncodings = 0;
			knownRegions = (
				en,
				Base,
			);
			mainGroup = 675CF72125F5302100B16985;
			productRefGroup = 675CF72B25F5302100B16985 /* Products */;
			projectDirPath = "";
			projectRoot = "";
			targets = (
				675CF72925F5302100B16985 /* BTC widget */,
				675CF73A25F5302400B16985 /* BTC widgetTests */,
				675CF74525F5302400B16985 /* BTC widgetUITests */,
				675CF75E25F530A300B16985 /* BTC app widgetExtension */,
			);
		};
/* End PBXProject section */

/* Begin PBXResourcesBuildPhase section */
		675CF72825F5302100B16985 /* Resources */ = {
			isa = PBXResourcesBuildPhase;
			buildActionMask = 2147483647;
			files = (
				675CF73525F5302400B16985 /* Preview Assets.xcassets in Resources */,
				675CF73225F5302400B16985 /* Assets.xcassets in Resources */,
			);
			runOnlyForDeploymentPostprocessing = 0;
		};
		675CF73925F5302400B16985 /* Resources */ = {
			isa = PBXResourcesBuildPhase;
			buildActionMask = 2147483647;
			files = (
			);
			runOnlyForDeploymentPostprocessing = 0;
		};
		675CF74425F5302400B16985 /* Resources */ = {
			isa = PBXResourcesBuildPhase;
			buildActionMask = 2147483647;
			files = (
			);
			runOnlyForDeploymentPostprocessing = 0;
		};
		675CF75D25F530A300B16985 /* Resources */ = {
			isa = PBXResourcesBuildPhase;
			buildActionMask = 2147483647;
			files = (
				675CF76925F530A500B16985 /* Assets.xcassets in Resources */,
			);
			runOnlyForDeploymentPostprocessing = 0;
		};
/* End PBXResourcesBuildPhase section */

/* Begin PBXSourcesBuildPhase section */
		675CF72625F5302100B16985 /* Sources */ = {
			isa = PBXSourcesBuildPhase;
			buildActionMask = 2147483647;
			files = (
				675CF73025F5302100B16985 /* ContentView.swift in Sources */,
				675CF72E25F5302100B16985 /* BTC_widgetApp.swift in Sources */,
			);
			runOnlyForDeploymentPostprocessing = 0;
		};
		675CF73725F5302400B16985 /* Sources */ = {
			isa = PBXSourcesBuildPhase;
			buildActionMask = 2147483647;
			files = (
				675CF74025F5302400B16985 /* BTC_widgetTests.swift in Sources */,
			);
			runOnlyForDeploymentPostprocessing = 0;
		};
		675CF74225F5302400B16985 /* Sources */ = {
			isa = PBXSourcesBuildPhase;
			buildActionMask = 2147483647;
			files = (
				675CF74B25F5302400B16985 /* BTC_widgetUITests.swift in Sources */,
			);
			runOnlyForDeploymentPostprocessing = 0;
		};
		675CF75B25F530A300B16985 /* Sources */ = {
			isa = PBXSourcesBuildPhase;
			buildActionMask = 2147483647;
			files = (
				675CF76725F530A300B16985 /* BTC_app_widget.swift in Sources */,
			);
			runOnlyForDeploymentPostprocessing = 0;
		};
/* End PBXSourcesBuildPhase section */

/* Begin PBXTargetDependency section */
		675CF73D25F5302400B16985 /* PBXTargetDependency */ = {
			isa = PBXTargetDependency;
			target = 675CF72925F5302100B16985 /* BTC widget */;
			targetProxy = 675CF73C25F5302400B16985 /* PBXContainerItemProxy */;
		};
		675CF74825F5302400B16985 /* PBXTargetDependency */ = {
			isa = PBXTargetDependency;
			target = 675CF72925F5302100B16985 /* BTC widget */;
			targetProxy = 675CF74725F5302400B16985 /* PBXContainerItemProxy */;
		};
		675CF76C25F530A500B16985 /* PBXTargetDependency */ = {
			isa = PBXTargetDependency;
			target = 675CF75E25F530A300B16985 /* BTC app widgetExtension */;
			targetProxy = 675CF76B25F530A500B16985 /* PBXContainerItemProxy */;
		};
/* End PBXTargetDependency section */

/* Begin XCBuildConfiguration section */
		675CF74D25F5302400B16985 /* Debug */ = {
			isa = XCBuildConfiguration;
			buildSettings = {
				ALWAYS_SEARCH_USER_PATHS = NO;
				CLANG_ANALYZER_NONNULL = YES;
				CLANG_ANALYZER_NUMBER_OBJECT_CONVERSION = YES_AGGRESSIVE;
				CLANG_CXX_LANGUAGE_STANDARD = "gnu++14";
				CLANG_CXX_LIBRARY = "libc++";
				CLANG_ENABLE_MODULES = YES;
				CLANG_ENABLE_OBJC_ARC = YES;
				CLANG_ENABLE_OBJC_WEAK = YES;
				CLANG_WARN_BLOCK_CAPTURE_AUTORELEASING = YES;
				CLANG_WARN_BOOL_CONVERSION = YES;
				CLANG_WARN_COMMA = YES;
				CLANG_WARN_CONSTANT_CONVERSION = YES;
				CLANG_WARN_DEPRECATED_OBJC_IMPLEMENTATIONS = YES;
				CLANG_WARN_DIRECT_OBJC_ISA_USAGE = YES_ERROR;
				CLANG_WARN_DOCUMENTATION_COMMENTS = YES;
				CLANG_WARN_EMPTY_BODY = YES;
				CLANG_WARN_ENUM_CONVERSION = YES;
				CLANG_WARN_INFINITE_RECURSION = YES;
				CLANG_WARN_INT_CONVERSION = YES;
				CLANG_WARN_NON_LITERAL_NULL_CONVERSION = YES;
				CLANG_WARN_OBJC_IMPLICIT_RETAIN_SELF = YES;
				CLANG_WARN_OBJC_LITERAL_CONVERSION = YES;
				CLANG_WARN_OBJC_ROOT_CLASS = YES_ERROR;
				CLANG_WARN_QUOTED_INCLUDE_IN_FRAMEWORK_HEADER = YES;
				CLANG_WARN_RANGE_LOOP_ANALYSIS = YES;
				CLANG_WARN_STRICT_PROTOTYPES = YES;
				CLANG_WARN_SUSPICIOUS_MOVE = YES;
				CLANG_WARN_UNGUARDED_AVAILABILITY = YES_AGGRESSIVE;
				CLANG_WARN_UNREACHABLE_CODE = YES;
				CLANG_WARN__DUPLICATE_METHOD_MATCH = YES;
				COPY_PHASE_STRIP = NO;
				DEBUG_INFORMATION_FORMAT = dwarf;
				ENABLE_STRICT_OBJC_MSGSEND = YES;
				ENABLE_TESTABILITY = YES;
				GCC_C_LANGUAGE_STANDARD = gnu11;
				GCC_DYNAMIC_NO_PIC = NO;
				GCC_NO_COMMON_BLOCKS = YES;
				GCC_OPTIMIZATION_LEVEL = 0;
				GCC_PREPROCESSOR_DEFINITIONS = (
					"DEBUG=1",
					"$(inherited)",
				);
				GCC_WARN_64_TO_32_BIT_CONVERSION = YES;
				GCC_WARN_ABOUT_RETURN_TYPE = YES_ERROR;
				GCC_WARN_UNDECLARED_SELECTOR = YES;
				GCC_WARN_UNINITIALIZED_AUTOS = YES_AGGRESSIVE;
				GCC_WARN_UNUSED_FUNCTION = YES;
				GCC_WARN_UNUSED_VARIABLE = YES;
				IPHONEOS_DEPLOYMENT_TARGET = 14.4;
				MTL_ENABLE_DEBUG_INFO = INCLUDE_SOURCE;
				MTL_FAST_MATH = YES;
				ONLY_ACTIVE_ARCH = YES;
				SDKROOT = iphoneos;
				SWIFT_ACTIVE_COMPILATION_CONDITIONS = DEBUG;
				SWIFT_OPTIMIZATION_LEVEL = "-Onone";
			};
			name = Debug;
		};
		675CF74E25F5302400B16985 /* Release */ = {
			isa = XCBuildConfiguration;
			buildSettings = {
				ALWAYS_SEARCH_USER_PATHS = NO;
				CLANG_ANALYZER_NONNULL = YES;
				CLANG_ANALYZER_NUMBER_OBJECT_CONVERSION = YES_AGGRESSIVE;
				CLANG_CXX_LANGUAGE_STANDARD = "gnu++14";
				CLANG_CXX_LIBRARY = "libc++";
				CLANG_ENABLE_MODULES = YES;
				CLANG_ENABLE_OBJC_ARC = YES;
				CLANG_ENABLE_OBJC_WEAK = YES;
				CLANG_WARN_BLOCK_CAPTURE_AUTORELEASING = YES;
				CLANG_WARN_BOOL_CONVERSION = YES;
				CLANG_WARN_COMMA = YES;
				CLANG_WARN_CONSTANT_CONVERSION = YES;
				CLANG_WARN_DEPRECATED_OBJC_IMPLEMENTATIONS = YES;
				CLANG_WARN_DIRECT_OBJC_ISA_USAGE = YES_ERROR;
				CLANG_WARN_DOCUMENTATION_COMMENTS = YES;
				CLANG_WARN_EMPTY_BODY = YES;
				CLANG_WARN_ENUM_CONVERSION = YES;
				CLANG_WARN_INFINITE_RECURSION = YES;
				CLANG_WARN_INT_CONVERSION = YES;
				CLANG_WARN_NON_LITERAL_NULL_CONVERSION = YES;
				CLANG_WARN_OBJC_IMPLICIT_RETAIN_SELF = YES;
				CLANG_WARN_OBJC_LITERAL_CONVERSION = YES;
				CLANG_WARN_OBJC_ROOT_CLASS = YES_ERROR;
				CLANG_WARN_QUOTED_INCLUDE_IN_FRAMEWORK_HEADER = YES;
				CLANG_WARN_RANGE_LOOP_ANALYSIS = YES;
				CLANG_WARN_STRICT_PROTOTYPES = YES;
				CLANG_WARN_SUSPICIOUS_MOVE = YES;
				CLANG_WARN_UNGUARDED_AVAILABILITY = YES_AGGRESSIVE;
				CLANG_WARN_UNREACHABLE_CODE = YES;
				CLANG_WARN__DUPLICATE_METHOD_MATCH = YES;
				COPY_PHASE_STRIP = NO;
				DEBUG_INFORMATION_FORMAT = "dwarf-with-dsym";
				ENABLE_NS_ASSERTIONS = NO;
				ENABLE_STRICT_OBJC_MSGSEND = YES;
				GCC_C_LANGUAGE_STANDARD = gnu11;
				GCC_NO_COMMON_BLOCKS = YES;
				GCC_WARN_64_TO_32_BIT_CONVERSION = YES;
				GCC_WARN_ABOUT_RETURN_TYPE = YES_ERROR;
				GCC_WARN_UNDECLARED_SELECTOR = YES;
				GCC_WARN_UNINITIALIZED_AUTOS = YES_AGGRESSIVE;
				GCC_WARN_UNUSED_FUNCTION = YES;
				GCC_WARN_UNUSED_VARIABLE = YES;
				IPHONEOS_DEPLOYMENT_TARGET = 14.4;
				MTL_ENABLE_DEBUG_INFO = NO;
				MTL_FAST_MATH = YES;
				SDKROOT = iphoneos;
				SWIFT_COMPILATION_MODE = wholemodule;
				SWIFT_OPTIMIZATION_LEVEL = "-O";
				VALIDATE_PRODUCT = YES;
			};
			name = Release;
		};
		675CF75025F5302400B16985 /* Debug */ = {
			isa = XCBuildConfiguration;
			buildSettings = {
				ALWAYS_EMBED_SWIFT_STANDARD_LIBRARIES = YES;
				ASSETCATALOG_COMPILER_APPICON_NAME = AppIcon;
				ASSETCATALOG_COMPILER_GLOBAL_ACCENT_COLOR_NAME = AccentColor;
				CODE_SIGN_STYLE = Automatic;
				DEVELOPMENT_ASSET_PATHS = "\"BTC widget/Preview Content\"";
				DEVELOPMENT_TEAM = CPYT3A73TA;
				ENABLE_PREVIEWS = YES;
				INFOPLIST_FILE = "BTC widget/Info.plist";
				IPHONEOS_DEPLOYMENT_TARGET = 14.0;
				LD_RUNPATH_SEARCH_PATHS = (
					"$(inherited)",
					"@executable_path/Frameworks",
				);
				PRODUCT_BUNDLE_IDENTIFIER = "mauro.BTC-widget";
				PRODUCT_NAME = "$(TARGET_NAME)";
				SWIFT_VERSION = 5.0;
				TARGETED_DEVICE_FAMILY = "1,2";
			};
			name = Debug;
		};
		675CF75125F5302400B16985 /* Release */ = {
			isa = XCBuildConfiguration;
			buildSettings = {
				ALWAYS_EMBED_SWIFT_STANDARD_LIBRARIES = YES;
				ASSETCATALOG_COMPILER_APPICON_NAME = AppIcon;
				ASSETCATALOG_COMPILER_GLOBAL_ACCENT_COLOR_NAME = AccentColor;
				CODE_SIGN_STYLE = Automatic;
				DEVELOPMENT_ASSET_PATHS = "\"BTC widget/Preview Content\"";
				DEVELOPMENT_TEAM = CPYT3A73TA;
				ENABLE_PREVIEWS = YES;
				INFOPLIST_FILE = "BTC widget/Info.plist";
				IPHONEOS_DEPLOYMENT_TARGET = 14.0;
				LD_RUNPATH_SEARCH_PATHS = (
					"$(inherited)",
					"@executable_path/Frameworks",
				);
				PRODUCT_BUNDLE_IDENTIFIER = "mauro.BTC-widget";
				PRODUCT_NAME = "$(TARGET_NAME)";
				SWIFT_VERSION = 5.0;
				TARGETED_DEVICE_FAMILY = "1,2";
			};
			name = Release;
		};
		675CF75325F5302400B16985 /* Debug */ = {
			isa = XCBuildConfiguration;
			buildSettings = {
				ALWAYS_EMBED_SWIFT_STANDARD_LIBRARIES = YES;
				BUNDLE_LOADER = "$(TEST_HOST)";
				CODE_SIGN_STYLE = Automatic;
				DEVELOPMENT_TEAM = CPYT3A73TA;
				INFOPLIST_FILE = "BTC widgetTests/Info.plist";
				IPHONEOS_DEPLOYMENT_TARGET = 14.0;
				LD_RUNPATH_SEARCH_PATHS = (
					"$(inherited)",
					"@executable_path/Frameworks",
					"@loader_path/Frameworks",
				);
				PRODUCT_BUNDLE_IDENTIFIER = "mauro.BTC-widgetTests";
				PRODUCT_NAME = "$(TARGET_NAME)";
				SWIFT_VERSION = 5.0;
				TARGETED_DEVICE_FAMILY = "1,2";
				TEST_HOST = "$(BUILT_PRODUCTS_DIR)/BTC widget.app/BTC widget";
			};
			name = Debug;
		};
		675CF75425F5302400B16985 /* Release */ = {
			isa = XCBuildConfiguration;
			buildSettings = {
				ALWAYS_EMBED_SWIFT_STANDARD_LIBRARIES = YES;
				BUNDLE_LOADER = "$(TEST_HOST)";
				CODE_SIGN_STYLE = Automatic;
				DEVELOPMENT_TEAM = CPYT3A73TA;
				INFOPLIST_FILE = "BTC widgetTests/Info.plist";
				IPHONEOS_DEPLOYMENT_TARGET = 14.0;
				LD_RUNPATH_SEARCH_PATHS = (
					"$(inherited)",
					"@executable_path/Frameworks",
					"@loader_path/Frameworks",
				);
				PRODUCT_BUNDLE_IDENTIFIER = "mauro.BTC-widgetTests";
				PRODUCT_NAME = "$(TARGET_NAME)";
				SWIFT_VERSION = 5.0;
				TARGETED_DEVICE_FAMILY = "1,2";
				TEST_HOST = "$(BUILT_PRODUCTS_DIR)/BTC widget.app/BTC widget";
			};
			name = Release;
		};
		675CF75625F5302400B16985 /* Debug */ = {
			isa = XCBuildConfiguration;
			buildSettings = {
				ALWAYS_EMBED_SWIFT_STANDARD_LIBRARIES = YES;
				CODE_SIGN_STYLE = Automatic;
				DEVELOPMENT_TEAM = CPYT3A73TA;
				INFOPLIST_FILE = "BTC widgetUITests/Info.plist";
				LD_RUNPATH_SEARCH_PATHS = (
					"$(inherited)",
					"@executable_path/Frameworks",
					"@loader_path/Frameworks",
				);
				PRODUCT_BUNDLE_IDENTIFIER = "mauro.BTC-widgetUITests";
				PRODUCT_NAME = "$(TARGET_NAME)";
				SWIFT_VERSION = 5.0;
				TARGETED_DEVICE_FAMILY = "1,2";
				TEST_TARGET_NAME = "BTC widget";
			};
			name = Debug;
		};
		675CF75725F5302400B16985 /* Release */ = {
			isa = XCBuildConfiguration;
			buildSettings = {
				ALWAYS_EMBED_SWIFT_STANDARD_LIBRARIES = YES;
				CODE_SIGN_STYLE = Automatic;
				DEVELOPMENT_TEAM = CPYT3A73TA;
				INFOPLIST_FILE = "BTC widgetUITests/Info.plist";
				LD_RUNPATH_SEARCH_PATHS = (
					"$(inherited)",
					"@executable_path/Frameworks",
					"@loader_path/Frameworks",
				);
				PRODUCT_BUNDLE_IDENTIFIER = "mauro.BTC-widgetUITests";
				PRODUCT_NAME = "$(TARGET_NAME)";
				SWIFT_VERSION = 5.0;
				TARGETED_DEVICE_FAMILY = "1,2";
				TEST_TARGET_NAME = "BTC widget";
			};
			name = Release;
		};
		675CF76F25F530A500B16985 /* Debug */ = {
			isa = XCBuildConfiguration;
			buildSettings = {
				ASSETCATALOG_COMPILER_GLOBAL_ACCENT_COLOR_NAME = AccentColor;
				ASSETCATALOG_COMPILER_WIDGET_BACKGROUND_COLOR_NAME = WidgetBackground;
				CODE_SIGN_STYLE = Automatic;
				DEVELOPMENT_TEAM = CPYT3A73TA;
				INFOPLIST_FILE = "BTC app widget/Info.plist";
				LD_RUNPATH_SEARCH_PATHS = (
					"$(inherited)",
					"@executable_path/Frameworks",
					"@executable_path/../../Frameworks",
				);
				PRODUCT_BUNDLE_IDENTIFIER = "mauro.BTC-widget.BTC-app-widget";
				PRODUCT_NAME = "$(TARGET_NAME)";
				SKIP_INSTALL = YES;
				SWIFT_VERSION = 5.0;
				TARGETED_DEVICE_FAMILY = "1,2";
			};
			name = Debug;
		};
		675CF77025F530A500B16985 /* Release */ = {
			isa = XCBuildConfiguration;
			buildSettings = {
				ASSETCATALOG_COMPILER_GLOBAL_ACCENT_COLOR_NAME = AccentColor;
				ASSETCATALOG_COMPILER_WIDGET_BACKGROUND_COLOR_NAME = WidgetBackground;
				CODE_SIGN_STYLE = Automatic;
				DEVELOPMENT_TEAM = CPYT3A73TA;
				INFOPLIST_FILE = "BTC app widget/Info.plist";
				LD_RUNPATH_SEARCH_PATHS = (
					"$(inherited)",
					"@executable_path/Frameworks",
					"@executable_path/../../Frameworks",
				);
				PRODUCT_BUNDLE_IDENTIFIER = "mauro.BTC-widget.BTC-app-widget";
				PRODUCT_NAME = "$(TARGET_NAME)";
				SKIP_INSTALL = YES;
				SWIFT_VERSION = 5.0;
				TARGETED_DEVICE_FAMILY = "1,2";
			};
			name = Release;
		};
/* End XCBuildConfiguration section */

/* Begin XCConfigurationList section */
		675CF72525F5302100B16985 /* Build configuration list for PBXProject "BTC widget" */ = {
			isa = XCConfigurationList;
			buildConfigurations = (
				675CF74D25F5302400B16985 /* Debug */,
				675CF74E25F5302400B16985 /* Release */,
			);
			defaultConfigurationIsVisible = 0;
			defaultConfigurationName = Release;
		};
		675CF74F25F5302400B16985 /* Build configuration list for PBXNativeTarget "BTC widget" */ = {
			isa = XCConfigurationList;
			buildConfigurations = (
				675CF75025F5302400B16985 /* Debug */,
				675CF75125F5302400B16985 /* Release */,
			);
			defaultConfigurationIsVisible = 0;
			defaultConfigurationName = Release;
		};
		675CF75225F5302400B16985 /* Build configuration list for PBXNativeTarget "BTC widgetTests" */ = {
			isa = XCConfigurationList;
			buildConfigurations = (
				675CF75325F5302400B16985 /* Debug */,
				675CF75425F5302400B16985 /* Release */,
			);
			defaultConfigurationIsVisible = 0;
			defaultConfigurationName = Release;
		};
		675CF75525F5302400B16985 /* Build configuration list for PBXNativeTarget "BTC widgetUITests" */ = {
			isa = XCConfigurationList;
			buildConfigurations = (
				675CF75625F5302400B16985 /* Debug */,
				675CF75725F5302400B16985 /* Release */,
			);
			defaultConfigurationIsVisible = 0;
			defaultConfigurationName = Release;
		};
		675CF76E25F530A500B16985 /* Build configuration list for PBXNativeTarget "BTC app widgetExtension" */ = {
			isa = XCConfigurationList;
			buildConfigurations = (
				675CF76F25F530A500B16985 /* Debug */,
				675CF77025F530A500B16985 /* Release */,
			);
			defaultConfigurationIsVisible = 0;
			defaultConfigurationName = Release;
		};
/* End XCConfigurationList section */
	};
	rootObject = 675CF72225F5302100B16985 /* Project object */;
}
